# This file is automatically @generated by Cargo.
# It is not intended for manual editing.
version = 4

[[package]]
name = "alloctest"
version = "0.1.0"

[[package]]
name = "basename"
version = "0.1.0"

[[package]]
name = "cal"
version = "0.1.0"

[[package]]
name = "cat"
version = "0.1.0"

[[package]]
name = "cp"
version = "0.1.0"

[[package]]
name = "cut"
version = "0.1.0"

[[package]]
name = "df"
version = "0.1.0"
dependencies = [
 "edos_lib",
]

[[package]]
name = "diff"
version = "0.1.0"

[[package]]
name = "dirname"
version = "0.1.0"

[[package]]
name = "dmesg"
version = "0.1.0"

[[package]]
name = "dns"
version = "0.1.0"

[[package]]
name = "dnsprobe"
version = "0.1.0"
dependencies = [
 "edos_lib",
]

[[package]]
name = "du"
version = "0.1.0"

[[package]]
name = "echo"
version = "0.1.0"

[[package]]
name = "edos-init"
version = "0.1.0"
dependencies = [
 "edos_lib",
]

[[package]]
name = "edos-sh"
version = "0.1.0"
dependencies = [
 "edos_lib",
]

[[package]]
name = "edos-taskbar"
version = "0.1.0"
dependencies = [
 "edos_lib",
 "edos_render",
]

[[package]]
name = "edos-terminal"
version = "0.1.0"
dependencies = [
 "edos_lib",
 "edos_render",
]

[[package]]
name = "edos-vi"
version = "0.1.0"
dependencies = [
 "edos_lib",
]

[[package]]
name = "edos-wm"
version = "0.1.0"
dependencies = [
 "edos_lib",
 "edos_render",
]

[[package]]
name = "edos_lib"
version = "0.1.0"

[[package]]
name = "edos_render"
version = "0.1.0"
dependencies = [
 "edos_lib",
 "noto-sans-mono-bitmap",
]

[[package]]
name = "env"
version = "0.1.0"

[[package]]
name = "evicttest"
version = "0.1.0"
dependencies = [
 "edos_lib",
]

[[package]]
name = "exectest"
version = "0.1.0"
dependencies = [
 "edos_lib",
]

[[package]]
name = "false"
version = "0.1.0"

[[package]]
name = "file"
version = "0.1.0"

[[package]]
name = "find"
version = "0.1.0"

[[package]]
name = "forktest"
version = "0.1.0"
dependencies = [
 "edos_lib",
]

[[package]]
name = "free"
version = "0.1.0"

[[package]]
name = "grep"
version = "0.1.0"

[[package]]
name = "head"
version = "0.1.0"

[[package]]
name = "hello"
version = "0.1.0"
dependencies = [
 "edos_render",
]

[[package]]
name = "hexdump"
version = "0.1.0"

[[package]]
name = "http"
version = "0.1.0"

[[package]]
name = "inflighttest"
version = "0.1.0"
dependencies = [
 "edos_lib",
]

[[package]]
name = "iotest"
version = "0.1.0"
dependencies = [
 "edos_lib",
]

[[package]]
name = "kill"
version = "0.1.0"
dependencies = [
 "edos_lib",
]

[[package]]
name = "killtest"
version = "0.1.0"
dependencies = [
 "edos_lib",
]

[[package]]
name = "lockordertest"
version = "0.1.0"
dependencies = [
 "edos_lib",
]

[[package]]
name = "ls"
version = "0.1.0"
dependencies = [
 "edos_lib",
]

[[package]]
name = "mkdir"
version = "0.1.0"

[[package]]
name = "mmaptest"
version = "0.1.0"
dependencies = [
 "edos_lib",
]

[[package]]
name = "mount"
version = "0.1.0"
dependencies = [
 "edos_lib",
]

[[package]]
name = "mv"
version = "0.1.0"

[[package]]
name = "noto-sans-mono-bitmap"
version = "0.3.1"
source = "registry+https://github.com/rust-lang/crates.io-index"
checksum = "1064d564ae026ae123bf5d607318b42a5b31d70a3c48e6ea7ee44cce4cdb095e"

[[package]]
name = "ping"
version = "0.1.0"
dependencies = [
 "edos_lib",
]

[[package]]
name = "play"
version = "0.1.0"
dependencies = [
 "edos_lib",
]

[[package]]
name = "ps"
version = "0.1.0"

[[package]]
name = "rm"
version = "0.1.0"

[[package]]
name = "rmdir"
version = "0.1.0"

[[package]]
name = "seq"
version = "0.1.0"

[[package]]
name = "sha256sum"
version = "0.1.0"

[[package]]
name = "sleep"
version = "0.1.0"

[[package]]
name = "sort"
version = "0.1.0"

[[package]]
name = "stat"
version = "0.1.0"

[[package]]
name = "sync"
version = "0.1.0"
dependencies = [
 "edos_lib",
]

[[package]]
name = "tail"
version = "0.1.0"

[[package]]
name = "tcptest"
version = "0.1.0"
dependencies = [
 "edos_lib",
]

[[package]]
name = "tee"
version = "0.1.0"

[[package]]
name = "threadtest"
version = "0.1.0"

[[package]]
name = "touch"
version = "0.1.0"

[[package]]
name = "tr"
version = "0.1.0"

[[package]]
name = "true"
version = "0.1.0"

[[package]]
name = "uname"
version = "0.1.0"

[[package]]
name = "uniq"
version = "0.1.0"

[[package]]
name = "vectest"
version = "0.1.0"

[[package]]
name = "wc"
version = "0.1.0"

[[package]]
name = "wget"
version = "0.1.0"

[[package]]
name = "wintest"
version = "0.1.0"
dependencies = [
 "edos_render",
]

[[package]]
name = "write"
version = "0.1.0"

[[package]]
name = "xargs"
version = "0.1.0"
dependencies = [
 "edos_lib",
]

[[package]]
name = "yes"
version = "0.1.0"
